
Microsoft Visual Studio Solution File, Format Version 12.00
# Visual Studio Version 16
VisualStudioVersion = 16.0.31624.102
MinimumVisualStudioVersion = 10.0.40219.1
Project("{FAE04EC0-301F-11D3-BF4B-00C04F79EFBC}") = "MLab4", "MLab4\MLab4.csproj", "{99B8ADC5-9D28-4729-8A7D-007EAF88C3A5}"
EndProject
Global
	GlobalSection(SolutionConfigurationPlatforms) = preSolution
		Debug|Any CPU = Debug|Any CPU
		Release|Any CPU = Release|Any CPU
	EndGlobalSection
	GlobalSection(ProjectConfigurationPlatforms) = postSolution
		{99B8ADC5-9D28-4729-8A7D-007EAF88C3A5}.Debug|Any CPU.ActiveCfg = Debug|Any CPU
		{99B8ADC5-9D28-4729-8A7D-007EAF88C3A5}.Debug|Any CPU.Build.0 = Debug|Any CPU
		{99B8ADC5-9D28-4729-8A7D-007EAF88C3A5}.Release|Any CPU.ActiveCfg = Release|Any CPU
		{99B8ADC5-9D28-4729-8A7D-007EAF88C3A5}.Release|Any CPU.Build.0 = Release|Any CPU
	EndGlobalSection
	GlobalSection(SolutionProperties) = preSolution
		HideSolutionNode = FALSE
	EndGlobalSection
	GlobalSection(ExtensibilityGlobals) = postSolution
		SolutionGuid = {FCAE16D8-5386-4E2C-BE43-D3FC0C0CD2E6}
	EndGlobalSection
EndGlobal
